
Microsoft Visual Studio Solution File, Format Version 12.00
# Visual Studio Version 16
VisualStudioVersion = 16.0.30104.148
MinimumVisualStudioVersion = 10.0.40219.1
Project("{FAE04EC0-301F-11D3-BF4B-00C04F79EFBC}") = "AlgLab5", "AlgLab5.csproj", "{3F5AE761-DBF3-4F82-BDEB-3FF51B21CD2B}"
EndProject
Global
	GlobalSection(SolutionConfigurationPlatforms) = preSolution
		Debug|Any CPU = Debug|Any CPU
		Release|Any CPU = Release|Any CPU
	EndGlobalSection
	GlobalSection(ProjectConfigurationPlatforms) = postSolution
		{3F5AE761-DBF3-4F82-BDEB-3FF51B21CD2B}.Debug|Any CPU.ActiveCfg = Debug|Any CPU
		{3F5AE761-DBF3-4F82-BDEB-3FF51B21CD2B}.Debug|Any CPU.Build.0 = Debug|Any CPU
		{3F5AE761-DBF3-4F82-BDEB-3FF51B21CD2B}.Release|Any CPU.ActiveCfg = Release|Any CPU
		{3F5AE761-DBF3-4F82-BDEB-3FF51B21CD2B}.Release|Any CPU.Build.0 = Release|Any CPU
	EndGlobalSection
	GlobalSection(SolutionProperties) = preSolution
		HideSolutionNode = FALSE
	EndGlobalSection
	GlobalSection(ExtensibilityGlobals) = postSolution
		SolutionGuid = {A99AF994-86E0-4127-8855-542E4984FC44}
	EndGlobalSection
EndGlobal
